version = 1
revision = 3
requires-python = ">=3.12"

[[package]]
name = "click"
version = "8.3.1"
source = { registry = "https://pypi.org/simple" }
dependencies = [
    { name = "colorama", marker = "sys_platform == 'win32'" },
]
sdist = { url = "https://files.pythonhosted.org/packages/3d/fa/656b739db8587d7b5dfa22e22ed02566950fbfbcdc20311993483657a5c0/click-8.3.1.tar.gz", hash = "sha256:12ff4785d337a1bb490bb7e9c2b1ee5da3112e94a8622f26a6c77f5d2fc6842a", size = 295065, upload-time = "2025-11-15T20:45:42.706Z" }
wheels = [
    { url = "https://files.pythonhosted.org/packages/98/78/01c019cdb5d6498122777c1a43056ebb3ebfeef2076d9d026bfe15583b2b/click-8.3.1-py3-none-any.whl", hash = "sha256:981153a64e25f12d547d3426c367a4857371575ee7ad18df2a6183ab0545b2a6", size = 108274, upload-time = "2025-11-15T20:45:41.139Z" },
]

[[package]]
name = "colorama"
version = "0.4.6"
source = { registry = "https://pypi.org/simple" }
sdist = { url = "https://files.pythonhosted.org/packages/d8/53/6f443c9a4a8358a93a6792e2acffb9d9d5cb0a5cfd8802644b7b1c9a02e4/colorama-0.4.6.tar.gz", hash = "sha256:08695f5cb7ed6e0531a20572697297273c47b8cae5a63ffc6d6ed5c201be6e44", size = 27697, upload-time = "2022-10-25T02:36:22.414Z" }
wheels = [
    { url = "https://files.pythonhosted.org/packages/d1/d6/3965ed04c63042e047cb6a3e6ed1a63a35087b6a609aa3a15ed8ac56c221/colorama-0.4.6-py2.py3-none-any.whl", hash = "sha256:4f1d9991f5acc0ca119f9d443620b77f9d6b33703e51011c16baf57afb285fc6", size = 25335, upload-time = "2022-10-25T02:36:20.889Z" },
]

[[package]]
name = "indexgen"
version = "0.1.3"
source = { registry = "https://pypi.org/simple" }
dependencies = [
    { name = "click" },
]
sdist = { url = "https://files.pythonhosted.org/packages/b3/d2/a0ef7c6393c5662c02f255608da336d7e7217cc468e6eef9c64ee1e27d07/indexgen-0.1.3.tar.gz", hash = "sha256:f5031bb3b7e0f017966277b5da9aac085d83a92a44a6aa7ad0f5f8c4d2419a94", size = 16812, upload-time = "2024-01-13T22:53:06.568Z" }
wheels = [
    { url = "https://files.pythonhosted.org/packages/a3/c5/fbb71a3883d66963d2c76f69949c84a214f4eac3e89b6b9174fc506559f2/indexgen-0.1.3-py3-none-any.whl", hash = "sha256:30fc2d4b8327de4dc8b10e443e2d740b6bc8a6b83cd6ea43d671f920c88d5f88", size = 17085, upload-time = "2024-01-13T22:53:05.278Z" },
]

[[package]]
name = "learnai"
version = "0.1.0"
source = { virtual = "." }

[package.dev-dependencies]
dev = [
    { name = "indexgen" },
]

[package.metadata]

[package.metadata.requires-dev]
dev = [{ name = "indexgen", specifier = ">=0.1.3" }]
